
Microsoft Visual Studio Solution File, Format Version 12.00
# Visual Studio Version 17
VisualStudioVersion = 17.5.33516.290
MinimumVisualStudioVersion = 10.0.40219.1
Project("{2150E333-8FDC-42A3-9474-1A3956D46DE8}") = "Tests", "Tests", "{FB89C0A4-AB4E-4638-9793-56CA08B1086A}"
EndProject
Project("{FAE04EC0-301F-11D3-BF4B-00C04F79EFBC}") = "Utilities.Test", "Utilities.Test\Utilities.Test.csproj", "{601ECF13-00F1-4D67-BE3F-0DD5EAC62FCA}"
EndProject
Project("{9A19103F-16F7-4668-BE54-9A1E7A4F7556}") = "Zanella.Utilities", "Zanella.Utilities\Zanella.Utilities.csproj", "{596012AF-DE1D-46FB-B091-D16EB2F596FB}"
EndProject
Global
	GlobalSection(SolutionConfigurationPlatforms) = preSolution
		Debug|Any CPU = Debug|Any CPU
		Release|Any CPU = Release|Any CPU
	EndGlobalSection
	GlobalSection(ProjectConfigurationPlatforms) = postSolution
		{601ECF13-00F1-4D67-BE3F-0DD5EAC62FCA}.Debug|Any CPU.ActiveCfg = Debug|Any CPU
		{601ECF13-00F1-4D67-BE3F-0DD5EAC62FCA}.Debug|Any CPU.Build.0 = Debug|Any CPU
		{601ECF13-00F1-4D67-BE3F-0DD5EAC62FCA}.Release|Any CPU.ActiveCfg = Release|Any CPU
		{601ECF13-00F1-4D67-BE3F-0DD5EAC62FCA}.Release|Any CPU.Build.0 = Release|Any CPU
		{596012AF-DE1D-46FB-B091-D16EB2F596FB}.Debug|Any CPU.ActiveCfg = Debug|Any CPU
		{596012AF-DE1D-46FB-B091-D16EB2F596FB}.Debug|Any CPU.Build.0 = Debug|Any CPU
		{596012AF-DE1D-46FB-B091-D16EB2F596FB}.Release|Any CPU.ActiveCfg = Release|Any CPU
		{596012AF-DE1D-46FB-B091-D16EB2F596FB}.Release|Any CPU.Build.0 = Release|Any CPU
	EndGlobalSection
	GlobalSection(SolutionProperties) = preSolution
		HideSolutionNode = FALSE
	EndGlobalSection
	GlobalSection(NestedProjects) = preSolution
		{601ECF13-00F1-4D67-BE3F-0DD5EAC62FCA} = {FB89C0A4-AB4E-4638-9793-56CA08B1086A}
	EndGlobalSection
	GlobalSection(ExtensibilityGlobals) = postSolution
		SolutionGuid = {AE723FF4-8446-4836-9D67-1C06EE6C47A2}
	EndGlobalSection
EndGlobal
